
Microsoft Visual Studio Solution File, Format Version 12.00
# Visual Studio Version 17
VisualStudioVersion = 17.9.34728.123
MinimumVisualStudioVersion = 10.0.40219.1
Project("{9A19103F-16F7-4668-BE54-9A1E7A4F7556}") = "UwingoIdentityService", "UwingoIdentityService\UwingoIdentityService.csproj", "{129D4B28-C4A5-4DEB-9C35-267E7689578F}"
EndProject
Project("{9A19103F-16F7-4668-BE54-9A1E7A4F7556}") = "Entity", "User\Entity.csproj", "{DCDB70F7-9947-4BA8-93AE-48F98B0D3948}"
EndProject
Project("{9A19103F-16F7-4668-BE54-9A1E7A4F7556}") = "Services", "Services\Services.csproj", "{9EFB6F6C-0AF3-490B-AE28-C20A655E21B7}"
EndProject
Project("{9A19103F-16F7-4668-BE54-9A1E7A4F7556}") = "Repositories", "Repositories\Repositories.csproj", "{431D8B94-B411-4944-8503-7F50AB7A0CBF}"
EndProject
Project("{9A19103F-16F7-4668-BE54-9A1E7A4F7556}") = "Presentation", "Presentation\Presentation.csproj", "{C9C93D2A-08C8-448A-82B7-F06392E4ED30}"
EndProject
Project("{9A19103F-16F7-4668-BE54-9A1E7A4F7556}") = "RepositoryAppClient", "RepositoryFactory\RepositoryAppClient.csproj", "{7304D28D-424C-45DA-9204-605EF8210383}"
	ProjectSection(ProjectDependencies) = postProject
		{431D8B94-B411-4944-8503-7F50AB7A0CBF} = {431D8B94-B411-4944-8503-7F50AB7A0CBF}
		{DCDB70F7-9947-4BA8-93AE-48F98B0D3948} = {DCDB70F7-9947-4BA8-93AE-48F98B0D3948}
	EndProjectSection
EndProject
Global
	GlobalSection(SolutionConfigurationPlatforms) = preSolution
		Debug|Any CPU = Debug|Any CPU
		Release|Any CPU = Release|Any CPU
	EndGlobalSection
	GlobalSection(ProjectConfigurationPlatforms) = postSolution
		{129D4B28-C4A5-4DEB-9C35-267E7689578F}.Debug|Any CPU.ActiveCfg = Debug|Any CPU
		{129D4B28-C4A5-4DEB-9C35-267E7689578F}.Debug|Any CPU.Build.0 = Debug|Any CPU
		{129D4B28-C4A5-4DEB-9C35-267E7689578F}.Release|Any CPU.ActiveCfg = Release|Any CPU
		{129D4B28-C4A5-4DEB-9C35-267E7689578F}.Release|Any CPU.Build.0 = Release|Any CPU
		{DCDB70F7-9947-4BA8-93AE-48F98B0D3948}.Debug|Any CPU.ActiveCfg = Debug|Any CPU
		{DCDB70F7-9947-4BA8-93AE-48F98B0D3948}.Debug|Any CPU.Build.0 = Debug|Any CPU
		{DCDB70F7-9947-4BA8-93AE-48F98B0D3948}.Release|Any CPU.ActiveCfg = Release|Any CPU
		{DCDB70F7-9947-4BA8-93AE-48F98B0D3948}.Release|Any CPU.Build.0 = Release|Any CPU
		{9EFB6F6C-0AF3-490B-AE28-C20A655E21B7}.Debug|Any CPU.ActiveCfg = Debug|Any CPU
		{9EFB6F6C-0AF3-490B-AE28-C20A655E21B7}.Debug|Any CPU.Build.0 = Debug|Any CPU
		{9EFB6F6C-0AF3-490B-AE28-C20A655E21B7}.Release|Any CPU.ActiveCfg = Release|Any CPU
		{9EFB6F6C-0AF3-490B-AE28-C20A655E21B7}.Release|Any CPU.Build.0 = Release|Any CPU
		{431D8B94-B411-4944-8503-7F50AB7A0CBF}.Debug|Any CPU.ActiveCfg = Debug|Any CPU
		{431D8B94-B411-4944-8503-7F50AB7A0CBF}.Debug|Any CPU.Build.0 = Debug|Any CPU
		{431D8B94-B411-4944-8503-7F50AB7A0CBF}.Release|Any CPU.ActiveCfg = Release|Any CPU
		{431D8B94-B411-4944-8503-7F50AB7A0CBF}.Release|Any CPU.Build.0 = Release|Any CPU
		{C9C93D2A-08C8-448A-82B7-F06392E4ED30}.Debug|Any CPU.ActiveCfg = Debug|Any CPU
		{C9C93D2A-08C8-448A-82B7-F06392E4ED30}.Debug|Any CPU.Build.0 = Debug|Any CPU
		{C9C93D2A-08C8-448A-82B7-F06392E4ED30}.Release|Any CPU.ActiveCfg = Release|Any CPU
		{C9C93D2A-08C8-448A-82B7-F06392E4ED30}.Release|Any CPU.Build.0 = Release|Any CPU
		{7304D28D-424C-45DA-9204-605EF8210383}.Debug|Any CPU.ActiveCfg = Debug|Any CPU
		{7304D28D-424C-45DA-9204-605EF8210383}.Debug|Any CPU.Build.0 = Debug|Any CPU
		{7304D28D-424C-45DA-9204-605EF8210383}.Release|Any CPU.ActiveCfg = Release|Any CPU
		{7304D28D-424C-45DA-9204-605EF8210383}.Release|Any CPU.Build.0 = Release|Any CPU
	EndGlobalSection
	GlobalSection(SolutionProperties) = preSolution
		HideSolutionNode = FALSE
	EndGlobalSection
	GlobalSection(ExtensibilityGlobals) = postSolution
		SolutionGuid = {6A39FD7B-EBC7-4D9C-98A9-37139A64340F}
	EndGlobalSection
EndGlobal
